
Microsoft Visual Studio Solution File, Format Version 12.00
# Visual Studio Version 17
VisualStudioVersion = 17.12.35707.178
MinimumVisualStudioVersion = 10.0.40219.1
Project("{888888A0-9F3D-457C-B088-3A5042F75D52}") = "NEMWeb", "NEMWeb.pyproj", "{E3A74721-437E-4AB2-8EA7-636FBA63663E}"
EndProject
Project("{2150E333-8FDC-42A3-9474-1A3956D46DE8}") = "Solution Items", "Solution Items", "{C33F4A76-EF06-4E59-B0BE-DF579EFB9342}"
	ProjectSection(SolutionItems) = preProject
		Average NEM Power Flows 2024.pdf = Average NEM Power Flows 2024.pdf
		DUID Categories.csv = DUID Categories.csv
		NEM Analysis 2024.xlsx = NEM Analysis 2024.xlsx
		NEM In Out List Jan-Dec 2024.xlsx = NEM In Out List Jan-Dec 2024.xlsx
		NEM Daily Generation 2024.pdf = NEM Daily Generation 2024.pdf
		NEM Year by Category Jan-Dec 2024.xlsx = NEM Year by Category Jan-Dec 2024.xlsx
		README.md = README.md
		requirements.txt = requirements.txt
	EndProjectSection
EndProject
Global
	GlobalSection(SolutionConfigurationPlatforms) = preSolution
		Debug|Any CPU = Debug|Any CPU
		Release|Any CPU = Release|Any CPU
	EndGlobalSection
	GlobalSection(ProjectConfigurationPlatforms) = postSolution
		{E3A74721-437E-4AB2-8EA7-636FBA63663E}.Debug|Any CPU.ActiveCfg = Debug|Any CPU
		{E3A74721-437E-4AB2-8EA7-636FBA63663E}.Release|Any CPU.ActiveCfg = Release|Any CPU
	EndGlobalSection
	GlobalSection(SolutionProperties) = preSolution
		HideSolutionNode = FALSE
	EndGlobalSection
EndGlobal
